PODS:
  - AlicloudApmAll/AlicloudApmMemAlloc (2.2.0):
    - AlicloudApmCore (~> 1.4.0)
    - AlicloudApmCrashAnalysis (~> 2.3.8)
  - AlicloudApmAll/AlicloudApmMemLeak (2.2.0):
    - AlicloudApmCore (~> 1.4.0)
    - AlicloudApmCrashAnalysis (~> 2.3.8)
  - AlicloudApmAll/AlicloudApmPerformance (2.2.0):
    - AlicloudApmCore (~> 1.4.0)
    - AlicloudApmCrashAnalysis (~> 2.3.8)
  - AlicloudApmAll/AlicloudApmRemoteLog (2.2.0):
    - AlicloudApmCore (~> 1.4.0)
    - AlicloudApmCrashAnalysis (~> 2.3.8)
    - SSZipArchive
  - AlicloudApmCore (1.4.0):
    - AlicloudUTDID (= 1.6.1)
  - AlicloudApmCrashAnalysis (2.3.8):
    - AlicloudApmCore (~> 1.4.0)
  - AlicloudUTDID (1.6.1)
  - SSZipArchive (2.4.3)

DEPENDENCIES:
  - AlicloudApmAll/AlicloudApmMemAlloc (= 2.2.0)
  - AlicloudApmAll/AlicloudApmMemLeak (= 2.2.0)
  - AlicloudApmAll/AlicloudApmPerformance (= 2.2.0)
  - AlicloudApmAll/AlicloudApmRemoteLog (= 2.2.0)

SPEC REPOS:
  https://github.com/aliyun/aliyun-specs.git:
    - AlicloudApmAll
    - AlicloudApmCore
    - AlicloudApmCrashAnalysis
    - AlicloudUTDID
  https://github.com/CocoaPods/Specs.git:
    - SSZipArchive

SPEC CHECKSUMS:
  AlicloudApmAll: c7823631f22b329b05526d0011ab8d709db76e3a
  AlicloudApmCore: f7a5685464ea576cd0565bdf9f2b925d6c148582
  AlicloudApmCrashAnalysis: a7c0f6953aede5fb60b722ed0e3246a74d863558
  AlicloudUTDID: 5d2f22d50e11eecd38f30bc7a48c71925ea90976
  SSZipArchive: fe6a26b2a54d5a0890f2567b5cc6de5caa600aef

PODFILE CHECKSUM: 046f9f0c5a5dbc17cebc2ea0e6b757ed4f84df86

COCOAPODS: 1.16.2
